
Microsoft Visual Studio Solution File, Format Version 12.00
# Visual Studio Version 17
VisualStudioVersion = 17.2.32519.379
MinimumVisualStudioVersion = 10.0.40219.1
Project("{FAE04EC0-301F-11D3-BF4B-00C04F79EFBC}") = "Test_Dependency_Injection", "Test_Dependency_Injection\Test_Dependency_Injection.csproj", "{77335B23-8837-4FE6-9918-04A215F1648F}"
EndProject
Global
	GlobalSection(SolutionConfigurationPlatforms) = preSolution
		Debug|Any CPU = Debug|Any CPU
		Release|Any CPU = Release|Any CPU
	EndGlobalSection
	GlobalSection(ProjectConfigurationPlatforms) = postSolution
		{77335B23-8837-4FE6-9918-04A215F1648F}.Debug|Any CPU.ActiveCfg = Debug|Any CPU
		{77335B23-8837-4FE6-9918-04A215F1648F}.Debug|Any CPU.Build.0 = Debug|Any CPU
		{77335B23-8837-4FE6-9918-04A215F1648F}.Release|Any CPU.ActiveCfg = Release|Any CPU
		{77335B23-8837-4FE6-9918-04A215F1648F}.Release|Any CPU.Build.0 = Release|Any CPU
	EndGlobalSection
	GlobalSection(SolutionProperties) = preSolution
		HideSolutionNode = FALSE
	EndGlobalSection
	GlobalSection(ExtensibilityGlobals) = postSolution
		SolutionGuid = {5E832D22-92D8-4F68-928B-E463EE0292DC}
	EndGlobalSection
EndGlobal
